
Microsoft Visual Studio Solution File, Format Version 12.00
# Visual Studio 15
VisualStudioVersion = 15.0.27004.2006
MinimumVisualStudioVersion = 10.0.40219.1
Project("{00D1A9C2-B5F0-4AF3-8072-F6C62B433612}") = "ToDo.Database", "ToDo.Database\ToDo.Database.sqlproj", "{39635D18-1603-449A-A703-3291289EADCB}"
EndProject
Project("{9A19103F-16F7-4668-BE54-9A1E7A4F7556}") = "ToDo.Models", "ToDo.Models\ToDo.Models.csproj", "{1767BE64-6C33-4257-A930-4F28CAF29E11}"
EndProject
Project("{9A19103F-16F7-4668-BE54-9A1E7A4F7556}") = "ToDo.EfRepository", "ToDo.EfRepository\ToDo.EfRepository.csproj", "{1C52F9B5-C472-4650-B924-E4E9A31E36B4}"
EndProject
Project("{9A19103F-16F7-4668-BE54-9A1E7A4F7556}") = "ToDo.TestConsole", "ToDo.TestConsole\ToDo.TestConsole.csproj", "{99D52D71-DC2C-44B7-81EB-2D89CBF40989}"
EndProject
Project("{FAE04EC0-301F-11D3-BF4B-00C04F79EFBC}") = "ToDo.WebApi", "ToDo.WebApi\ToDo.WebApi.csproj", "{404FA104-A413-41C8-8F0D-CEE2B1DEDE61}"
EndProject
Global
	GlobalSection(SolutionConfigurationPlatforms) = preSolution
		Debug|Any CPU = Debug|Any CPU
		Release|Any CPU = Release|Any CPU
	EndGlobalSection
	GlobalSection(ProjectConfigurationPlatforms) = postSolution
		{39635D18-1603-449A-A703-3291289EADCB}.Debug|Any CPU.ActiveCfg = Debug|Any CPU
		{39635D18-1603-449A-A703-3291289EADCB}.Debug|Any CPU.Build.0 = Debug|Any CPU
		{39635D18-1603-449A-A703-3291289EADCB}.Debug|Any CPU.Deploy.0 = Debug|Any CPU
		{39635D18-1603-449A-A703-3291289EADCB}.Release|Any CPU.ActiveCfg = Release|Any CPU
		{39635D18-1603-449A-A703-3291289EADCB}.Release|Any CPU.Build.0 = Release|Any CPU
		{39635D18-1603-449A-A703-3291289EADCB}.Release|Any CPU.Deploy.0 = Release|Any CPU
		{1767BE64-6C33-4257-A930-4F28CAF29E11}.Debug|Any CPU.ActiveCfg = Debug|Any CPU
		{1767BE64-6C33-4257-A930-4F28CAF29E11}.Debug|Any CPU.Build.0 = Debug|Any CPU
		{1767BE64-6C33-4257-A930-4F28CAF29E11}.Release|Any CPU.ActiveCfg = Release|Any CPU
		{1767BE64-6C33-4257-A930-4F28CAF29E11}.Release|Any CPU.Build.0 = Release|Any CPU
		{1C52F9B5-C472-4650-B924-E4E9A31E36B4}.Debug|Any CPU.ActiveCfg = Debug|Any CPU
		{1C52F9B5-C472-4650-B924-E4E9A31E36B4}.Debug|Any CPU.Build.0 = Debug|Any CPU
		{1C52F9B5-C472-4650-B924-E4E9A31E36B4}.Release|Any CPU.ActiveCfg = Release|Any CPU
		{1C52F9B5-C472-4650-B924-E4E9A31E36B4}.Release|Any CPU.Build.0 = Release|Any CPU
		{99D52D71-DC2C-44B7-81EB-2D89CBF40989}.Debug|Any CPU.ActiveCfg = Debug|Any CPU
		{99D52D71-DC2C-44B7-81EB-2D89CBF40989}.Debug|Any CPU.Build.0 = Debug|Any CPU
		{99D52D71-DC2C-44B7-81EB-2D89CBF40989}.Release|Any CPU.ActiveCfg = Release|Any CPU
		{99D52D71-DC2C-44B7-81EB-2D89CBF40989}.Release|Any CPU.Build.0 = Release|Any CPU
		{404FA104-A413-41C8-8F0D-CEE2B1DEDE61}.Debug|Any CPU.ActiveCfg = Debug|Any CPU
		{404FA104-A413-41C8-8F0D-CEE2B1DEDE61}.Debug|Any CPU.Build.0 = Debug|Any CPU
		{404FA104-A413-41C8-8F0D-CEE2B1DEDE61}.Release|Any CPU.ActiveCfg = Release|Any CPU
		{404FA104-A413-41C8-8F0D-CEE2B1DEDE61}.Release|Any CPU.Build.0 = Release|Any CPU
	EndGlobalSection
	GlobalSection(SolutionProperties) = preSolution
		HideSolutionNode = FALSE
	EndGlobalSection
	GlobalSection(ExtensibilityGlobals) = postSolution
		SolutionGuid = {B2B264BD-B5B4-4164-A4FA-BFC2025E8A39}
	EndGlobalSection
EndGlobal
